// !$*UTF8*$!
{
	archiveVersion = 1;
	classes = {
	};
	objectVersion = 50;
	objects = {

/* Begin PBXBuildFile section */
		8362720021B1668700490F82 /* CollectionViewCell.swift in Sources */ = {isa = PBXBuildFile; fileRef = 836271FE21B1668700490F82 /* CollectionViewCell.swift */; };
		8362720121B1668700490F82 /* CollectionViewCell.xib in Resources */ = {isa = PBXBuildFile; fileRef = 836271FF21B1668700490F82 /* CollectionViewCell.xib */; };
		837A9FDA21AD2C3600CB4932 /* ViewShowSelectTips.swift in Sources */ = {isa = PBXBuildFile; fileRef = 837A9FD921AD2C3600CB4932 /* ViewShowSelectTips.swift */; };
		837A9FDC21AD3D6000CB4932 /* UIView+extension.swift in Sources */ = {isa = PBXBuildFile; fileRef = 837A9FDB21AD3D6000CB4932 /* UIView+extension.swift */; };
		839179AC21A7E2BA00D8EB8C /* AppDelegate.swift in Sources */ = {isa = PBXBuildFile; fileRef = 839179AB21A7E2BA00D8EB8C /* AppDelegate.swift */; };
		839179AE21A7E2BA00D8EB8C /* ViewController.swift in Sources */ = {isa = PBXBuildFile; fileRef = 839179AD21A7E2BA00D8EB8C /* ViewController.swift */; };
		839179B121A7E2BA00D8EB8C /* Main.storyboard in Resources */ = {isa = PBXBuildFile; fileRef = 839179AF21A7E2BA00D8EB8C /* Main.storyboard */; };
		839179B321A7E2BB00D8EB8C /* Assets.xcassets in Resources */ = {isa = PBXBuildFile; fileRef = 839179B221A7E2BB00D8EB8C /* Assets.xcassets */; };
		839179B621A7E2BB00D8EB8C /* LaunchScreen.storyboard in Resources */ = {isa = PBXBuildFile; fileRef = 839179B421A7E2BB00D8EB8C /* LaunchScreen.storyboard */; };
		839179BE21A7E72800D8EB8C /* HSCMCarTopSelectView.swift in Sources */ = {isa = PBXBuildFile; fileRef = 839179BD21A7E72800D8EB8C /* HSCMCarTopSelectView.swift */; };
/* End PBXBuildFile section */

/* Begin PBXFileReference section */
		836271FE21B1668700490F82 /* CollectionViewCell.swift */ = {isa = PBXFileReference; lastKnownFileType = sourcecode.swift; path = CollectionViewCell.swift; sourceTree = "<group>"; };
		836271FF21B1668700490F82 /* CollectionViewCell.xib */ = {isa = PBXFileReference; lastKnownFileType = file.xib; path = CollectionViewCell.xib; sourceTree = "<group>"; };
		837A9FD921AD2C3600CB4932 /* ViewShowSelectTips.swift */ = {isa = PBXFileReference; lastKnownFileType = sourcecode.swift; path = ViewShowSelectTips.swift; sourceTree = "<group>"; };
		837A9FDB21AD3D6000CB4932 /* UIView+extension.swift */ = {isa = PBXFileReference; fileEncoding = 4; lastKnownFileType = sourcecode.swift; path = "UIView+extension.swift"; sourceTree = "<group>"; };
		839179A821A7E2BA00D8EB8C /* HSCMCarTopSelectView.app */ = {isa = PBXFileReference; explicitFileType = wrapper.application; includeInIndex = 0; path = HSCMCarTopSelectView.app; sourceTree = BUILT_PRODUCTS_DIR; };
		839179AB21A7E2BA00D8EB8C /* AppDelegate.swift */ = {isa = PBXFileReference; lastKnownFileType = sourcecode.swift; path = AppDelegate.swift; sourceTree = "<group>"; };
		839179AD21A7E2BA00D8EB8C /* ViewController.swift */ = {isa = PBXFileReference; lastKnownFileType = sourcecode.swift; path = ViewController.swift; sourceTree = "<group>"; };
		839179B021A7E2BA00D8EB8C /* Base */ = {isa = PBXFileReference; lastKnownFileType = file.storyboard; name = Base; path = Base.lproj/Main.storyboard; sourceTree = "<group>"; };
		839179B221A7E2BB00D8EB8C /* Assets.xcassets */ = {isa = PBXFileReference; lastKnownFileType = folder.assetcatalog; path = Assets.xcassets; sourceTree = "<group>"; };
		839179B521A7E2BB00D8EB8C /* Base */ = {isa = PBXFileReference; lastKnownFileType = file.storyboard; name = Base; path = Base.lproj/LaunchScreen.storyboard; sourceTree = "<group>"; };
		839179B721A7E2BB00D8EB8C /* Info.plist */ = {isa = PBXFileReference; lastKnownFileType = text.plist.xml; path = Info.plist; sourceTree = "<group>"; };
		839179BD21A7E72800D8EB8C /* HSCMCarTopSelectView.swift */ = {isa = PBXFileReference; lastKnownFileType = sourcecode.swift; path = HSCMCarTopSelectView.swift; sourceTree = "<group>"; };
/* End PBXFileReference section */

/* Begin PBXFrameworksBuildPhase section */
		839179A521A7E2BA00D8EB8C /* Frameworks */ = {
			isa = PBXFrameworksBuildPhase;
			buildActionMask = 2147483647;
			files = (
			);
			runOnlyForDeploymentPostprocessing = 0;
		};
/* End PBXFrameworksBuildPhase section */

/* Begin PBXGroup section */
		8391799F21A7E2BA00D8EB8C = {
			isa = PBXGroup;
			children = (
				839179AA21A7E2BA00D8EB8C /* HSCMCarTopSelectView */,
				839179A921A7E2BA00D8EB8C /* Products */,
			);
			sourceTree = "<group>";
		};
		839179A921A7E2BA00D8EB8C /* Products */ = {
			isa = PBXGroup;
			children = (
				839179A821A7E2BA00D8EB8C /* HSCMCarTopSelectView.app */,
			);
			name = Products;
			sourceTree = "<group>";
		};
		839179AA21A7E2BA00D8EB8C /* HSCMCarTopSelectView */ = {
			isa = PBXGroup;
			children = (
				83F7921F21A8177A001E18DC /* Class */,
				839179AB21A7E2BA00D8EB8C /* AppDelegate.swift */,
				839179AD21A7E2BA00D8EB8C /* ViewController.swift */,
				839179AF21A7E2BA00D8EB8C /* Main.storyboard */,
				839179B221A7E2BB00D8EB8C /* Assets.xcassets */,
				839179B421A7E2BB00D8EB8C /* LaunchScreen.storyboard */,
				839179B721A7E2BB00D8EB8C /* Info.plist */,
			);
			path = HSCMCarTopSelectView;
			sourceTree = "<group>";
		};
		83F7921F21A8177A001E18DC /* Class */ = {
			isa = PBXGroup;
			children = (
				837A9FDB21AD3D6000CB4932 /* UIView+extension.swift */,
				839179BD21A7E72800D8EB8C /* HSCMCarTopSelectView.swift */,
				837A9FD921AD2C3600CB4932 /* ViewShowSelectTips.swift */,
				836271FE21B1668700490F82 /* CollectionViewCell.swift */,
				836271FF21B1668700490F82 /* CollectionViewCell.xib */,
			);
			path = Class;
			sourceTree = "<group>";
		};
/* End PBXGroup section */

/* Begin PBXNativeTarget section */
		839179A721A7E2BA00D8EB8C /* HSCMCarTopSelectView */ = {
			isa = PBXNativeTarget;
			buildConfigurationList = 839179BA21A7E2BB00D8EB8C /* Build configuration list for PBXNativeTarget "HSCMCarTopSelectView" */;
			buildPhases = (
				839179A421A7E2BA00D8EB8C /* Sources */,
				839179A521A7E2BA00D8EB8C /* Frameworks */,
				839179A621A7E2BA00D8EB8C /* Resources */,
			);
			buildRules = (
			);
			dependencies = (
			);
			name = HSCMCarTopSelectView;
			productName = HSCMCarTopSelectView;
			productReference = 839179A821A7E2BA00D8EB8C /* HSCMCarTopSelectView.app */;
			productType = "com.apple.product-type.application";
		};
/* End PBXNativeTarget section */

/* Begin PBXProject section */
		839179A021A7E2BA00D8EB8C /* Project object */ = {
			isa = PBXProject;
			attributes = {
				LastSwiftUpdateCheck = 1010;
				LastUpgradeCheck = 1010;
				ORGANIZATIONNAME = CM;
				TargetAttributes = {
					839179A721A7E2BA00D8EB8C = {
						CreatedOnToolsVersion = 10.1;
					};
				};
			};
			buildConfigurationList = 839179A321A7E2BA00D8EB8C /* Build configuration list for PBXProject "HSCMCarTopSelectView" */;
			compatibilityVersion = "Xcode 9.3";
			developmentRegion = en;
			hasScannedForEncodings = 0;
			knownRegions = (
				en,
				Base,
			);
			mainGroup = 8391799F21A7E2BA00D8EB8C;
			productRefGroup = 839179A921A7E2BA00D8EB8C /* Products */;
			projectDirPath = "";
			projectRoot = "";
			targets = (
				839179A721A7E2BA00D8EB8C /* HSCMCarTopSelectView */,
			);
		};
/* End PBXProject section */

/* Begin PBXResourcesBuildPhase section */
		839179A621A7E2BA00D8EB8C /* Resources */ = {
			isa = PBXResourcesBuildPhase;
			buildActionMask = 2147483647;
			files = (
				839179B621A7E2BB00D8EB8C /* LaunchScreen.storyboard in Resources */,
				839179B321A7E2BB00D8EB8C /* Assets.xcassets in Resources */,
				8362720121B1668700490F82 /* CollectionViewCell.xib in Resources */,
				839179B121A7E2BA00D8EB8C /* Main.storyboard in Resources */,
			);
			runOnlyForDeploymentPostprocessing = 0;
		};
/* End PBXResourcesBuildPhase section */

/* Begin PBXSourcesBuildPhase section */
		839179A421A7E2BA00D8EB8C /* Sources */ = {
			isa = PBXSourcesBuildPhase;
			buildActionMask = 2147483647;
			files = (
				837A9FDC21AD3D6000CB4932 /* UIView+extension.swift in Sources */,
				839179AE21A7E2BA00D8EB8C /* ViewController.swift in Sources */,
				8362720021B1668700490F82 /* CollectionViewCell.swift in Sources */,
				839179BE21A7E72800D8EB8C /* HSCMCarTopSelectView.swift in Sources */,
				839179AC21A7E2BA00D8EB8C /* AppDelegate.swift in Sources */,
				837A9FDA21AD2C3600CB4932 /* ViewShowSelectTips.swift in Sources */,
			);
			runOnlyForDeploymentPostprocessing = 0;
		};
/* End PBXSourcesBuildPhase section */

/* Begin PBXVariantGroup section */
		839179AF21A7E2BA00D8EB8C /* Main.storyboard */ = {
			isa = PBXVariantGroup;
			children = (
				839179B021A7E2BA00D8EB8C /* Base */,
			);
			name = Main.storyboard;
			sourceTree = "<group>";
		};
		839179B421A7E2BB00D8EB8C /* LaunchScreen.storyboard */ = {
			isa = PBXVariantGroup;
			children = (
				839179B521A7E2BB00D8EB8C /* Base */,
			);
			name = LaunchScreen.storyboard;
			sourceTree = "<group>";
		};
/* End PBXVariantGroup section */

/* Begin XCBuildConfiguration section */
		839179B821A7E2BB00D8EB8C /* Debug */ = {
			isa = XCBuildConfiguration;
			buildSettings = {
				ALWAYS_SEARCH_USER_PATHS = NO;
				CLANG_ANALYZER_NONNULL = YES;
				CLANG_ANALYZER_NUMBER_OBJECT_CONVERSION = YES_AGGRESSIVE;
				CLANG_CXX_LANGUAGE_STANDARD = "gnu++14";
				CLANG_CXX_LIBRARY = "libc++";
				CLANG_ENABLE_MODULES = YES;
				CLANG_ENABLE_OBJC_ARC = YES;
				CLANG_ENABLE_OBJC_WEAK = YES;
				CLANG_WARN_BLOCK_CAPTURE_AUTORELEASING = YES;
				CLANG_WARN_BOOL_CONVERSION = YES;
				CLANG_WARN_COMMA = YES;
				CLANG_WARN_CONSTANT_CONVERSION = YES;
				CLANG_WARN_DEPRECATED_OBJC_IMPLEMENTATIONS = YES;
				CLANG_WARN_DIRECT_OBJC_ISA_USAGE = YES_ERROR;
				CLANG_WARN_DOCUMENTATION_COMMENTS = YES;
				CLANG_WARN_EMPTY_BODY = YES;
				CLANG_WARN_ENUM_CONVERSION = YES;
				CLANG_WARN_INFINITE_RECURSION = YES;
				CLANG_WARN_INT_CONVERSION = YES;
				CLANG_WARN_NON_LITERAL_NULL_CONVERSION = YES;
				CLANG_WARN_OBJC_IMPLICIT_RETAIN_SELF = YES;
				CLANG_WARN_OBJC_LITERAL_CONVERSION = YES;
				CLANG_WARN_OBJC_ROOT_CLASS = YES_ERROR;
				CLANG_WARN_RANGE_LOOP_ANALYSIS = YES;
				CLANG_WARN_STRICT_PROTOTYPES = YES;
				CLANG_WARN_SUSPICIOUS_MOVE = YES;
				CLANG_WARN_UNGUARDED_AVAILABILITY = YES_AGGRESSIVE;
				CLANG_WARN_UNREACHABLE_CODE = YES;
				CLANG_WARN__DUPLICATE_METHOD_MATCH = YES;
				CODE_SIGN_IDENTITY = "iPhone Developer";
				COPY_PHASE_STRIP = NO;
				DEBUG_INFORMATION_FORMAT = dwarf;
				ENABLE_STRICT_OBJC_MSGSEND = YES;
				ENABLE_TESTABILITY = YES;
				GCC_C_LANGUAGE_STANDARD = gnu11;
				GCC_DYNAMIC_NO_PIC = NO;
				GCC_NO_COMMON_BLOCKS = YES;
				GCC_OPTIMIZATION_LEVEL = 0;
				GCC_PREPROCESSOR_DEFINITIONS = (
					"DEBUG=1",
					"$(inherited)",
				);
				GCC_WARN_64_TO_32_BIT_CONVERSION = YES;
				GCC_WARN_ABOUT_RETURN_TYPE = YES_ERROR;
				GCC_WARN_UNDECLARED_SELECTOR = YES;
				GCC_WARN_UNINITIALIZED_AUTOS = YES_AGGRESSIVE;
				GCC_WARN_UNUSED_FUNCTION = YES;
				GCC_WARN_UNUSED_VARIABLE = YES;
				IPHONEOS_DEPLOYMENT_TARGET = 12.1;
				MTL_ENABLE_DEBUG_INFO = INCLUDE_SOURCE;
				MTL_FAST_MATH = YES;
				ONLY_ACTIVE_ARCH = YES;
				SDKROOT = iphoneos;
				SWIFT_ACTIVE_COMPILATION_CONDITIONS = DEBUG;
				SWIFT_OPTIMIZATION_LEVEL = "-Onone";
			};
			name = Debug;
		};
		839179B921A7E2BB00D8EB8C /* Release */ = {
			isa = XCBuildConfiguration;
			buildSettings = {
				ALWAYS_SEARCH_USER_PATHS = NO;
				CLANG_ANALYZER_NONNULL = YES;
				CLANG_ANALYZER_NUMBER_OBJECT_CONVERSION = YES_AGGRESSIVE;
				CLANG_CXX_LANGUAGE_STANDARD = "gnu++14";
				CLANG_CXX_LIBRARY = "libc++";
				CLANG_ENABLE_MODULES = YES;
				CLANG_ENABLE_OBJC_ARC = YES;
				CLANG_ENABLE_OBJC_WEAK = YES;
				CLANG_WARN_BLOCK_CAPTURE_AUTORELEASING = YES;
				CLANG_WARN_BOOL_CONVERSION = YES;
				CLANG_WARN_COMMA = YES;
				CLANG_WARN_CONSTANT_CONVERSION = YES;
				CLANG_WARN_DEPRECATED_OBJC_IMPLEMENTATIONS = YES;
				CLANG_WARN_DIRECT_OBJC_ISA_USAGE = YES_ERROR;
				CLANG_WARN_DOCUMENTATION_COMMENTS = YES;
				CLANG_WARN_EMPTY_BODY = YES;
				CLANG_WARN_ENUM_CONVERSION = YES;
				CLANG_WARN_INFINITE_RECURSION = YES;
				CLANG_WARN_INT_CONVERSION = YES;
				CLANG_WARN_NON_LITERAL_NULL_CONVERSION = YES;
				CLANG_WARN_OBJC_IMPLICIT_RETAIN_SELF = YES;
				CLANG_WARN_OBJC_LITERAL_CONVERSION = YES;
				CLANG_WARN_OBJC_ROOT_CLASS = YES_ERROR;
				CLANG_WARN_RANGE_LOOP_ANALYSIS = YES;
				CLANG_WARN_STRICT_PROTOTYPES = YES;
				CLANG_WARN_SUSPICIOUS_MOVE = YES;
				CLANG_WARN_UNGUARDED_AVAILABILITY = YES_AGGRESSIVE;
				CLANG_WARN_UNREACHABLE_CODE = YES;
				CLANG_WARN__DUPLICATE_METHOD_MATCH = YES;
				CODE_SIGN_IDENTITY = "iPhone Developer";
				COPY_PHASE_STRIP = NO;
				DEBUG_INFORMATION_FORMAT = "dwarf-with-dsym";
				ENABLE_NS_ASSERTIONS = NO;
				ENABLE_STRICT_OBJC_MSGSEND = YES;
				GCC_C_LANGUAGE_STANDARD = gnu11;
				GCC_NO_COMMON_BLOCKS = YES;
				GCC_WARN_64_TO_32_BIT_CONVERSION = YES;
				GCC_WARN_ABOUT_RETURN_TYPE = YES_ERROR;
				GCC_WARN_UNDECLARED_SELECTOR = YES;
				GCC_WARN_UNINITIALIZED_AUTOS = YES_AGGRESSIVE;
				GCC_WARN_UNUSED_FUNCTION = YES;
				GCC_WARN_UNUSED_VARIABLE = YES;
				IPHONEOS_DEPLOYMENT_TARGET = 12.1;
				MTL_ENABLE_DEBUG_INFO = NO;
				MTL_FAST_MATH = YES;
				SDKROOT = iphoneos;
				SWIFT_COMPILATION_MODE = wholemodule;
				SWIFT_OPTIMIZATION_LEVEL = "-O";
				VALIDATE_PRODUCT = YES;
			};
			name = Release;
		};
		839179BB21A7E2BB00D8EB8C /* Debug */ = {
			isa = XCBuildConfiguration;
			buildSettings = {
				ASSETCATALOG_COMPILER_APPICON_NAME = AppIcon;
				CODE_SIGN_STYLE = Automatic;
				DEVELOPMENT_TEAM = H23775VQNZ;
				INFOPLIST_FILE = HSCMCarTopSelectView/Info.plist;
				IPHONEOS_DEPLOYMENT_TARGET = 12.1;
				LD_RUNPATH_SEARCH_PATHS = (
					"$(inherited)",
					"@executable_path/Frameworks",
				);
				PRODUCT_BUNDLE_IDENTIFIER = cm.HSCMCarTopSelectView;
				PRODUCT_NAME = "$(TARGET_NAME)";
				SWIFT_VERSION = 4.2;
				TARGETED_DEVICE_FAMILY = "1,2";
			};
			name = Debug;
		};
		839179BC21A7E2BB00D8EB8C /* Release */ = {
			isa = XCBuildConfiguration;
			buildSettings = {
				ASSETCATALOG_COMPILER_APPICON_NAME = AppIcon;
				CODE_SIGN_STYLE = Automatic;
				DEVELOPMENT_TEAM = H23775VQNZ;
				INFOPLIST_FILE = HSCMCarTopSelectView/Info.plist;
				IPHONEOS_DEPLOYMENT_TARGET = 12.1;
				LD_RUNPATH_SEARCH_PATHS = (
					"$(inherited)",
					"@executable_path/Frameworks",
				);
				PRODUCT_BUNDLE_IDENTIFIER = cm.HSCMCarTopSelectView;
				PRODUCT_NAME = "$(TARGET_NAME)";
				SWIFT_VERSION = 4.2;
				TARGETED_DEVICE_FAMILY = "1,2";
			};
			name = Release;
		};
/* End XCBuildConfiguration section */

/* Begin XCConfigurationList section */
		839179A321A7E2BA00D8EB8C /* Build configuration list for PBXProject "HSCMCarTopSelectView" */ = {
			isa = XCConfigurationList;
			buildConfigurations = (
				839179B821A7E2BB00D8EB8C /* Debug */,
				839179B921A7E2BB00D8EB8C /* Release */,
			);
			defaultConfigurationIsVisible = 0;
			defaultConfigurationName = Release;
		};
		839179BA21A7E2BB00D8EB8C /* Build configuration list for PBXNativeTarget "HSCMCarTopSelectView" */ = {
			isa = XCConfigurationList;
			buildConfigurations = (
				839179BB21A7E2BB00D8EB8C /* Debug */,
				839179BC21A7E2BB00D8EB8C /* Release */,
			);
			defaultConfigurationIsVisible = 0;
			defaultConfigurationName = Release;
		};
/* End XCConfigurationList section */
	};
	rootObject = 839179A021A7E2BA00D8EB8C /* Project object */;
}
